Microsoft Visual Studio Solution File, Format Version 12.00
# Visual Studio Version 17
VisualStudioVersion = 17.5.2.0
MinimumVisualStudioVersion = 10.0.40219.1
Project("{FAE04EC0-301F-11D3-BF4B-00C04F79EFBC}") = "StudentMarksSystem", "StudentMarksSystem.csproj", "{B476E181-3CC5-302E-A620-0F6CDE14AB08}"
EndProject
Global
	GlobalSection(SolutionConfigurationPlatforms) = preSolution
		Debug|Any CPU = Debug|Any CPU
		Release|Any CPU = Release|Any CPU
	EndGlobalSection
	GlobalSection(ProjectConfigurationPlatforms) = postSolution
		{B476E181-3CC5-302E-A620-0F6CDE14AB08}.Debug|Any CPU.ActiveCfg = Debug|Any CPU
		{B476E181-3CC5-302E-A620-0F6CDE14AB08}.Debug|Any CPU.Build.0 = Debug|Any CPU
		{B476E181-3CC5-302E-A620-0F6CDE14AB08}.Release|Any CPU.ActiveCfg = Release|Any CPU
		{B476E181-3CC5-302E-A620-0F6CDE14AB08}.Release|Any CPU.Build.0 = Release|Any CPU
	EndGlobalSection
	GlobalSection(SolutionProperties) = preSolution
		HideSolutionNode = FALSE
	EndGlobalSection
	GlobalSection(ExtensibilityGlobals) = postSolution
		SolutionGuid = {653AD8E0-3189-4A9C-9FEA-F9D51006F54F}
	EndGlobalSection
EndGlobal
